github.com/iancoleman/strcase v0.2.0 h1:05I4QRnGpI0m37iZQRuskXh+w77mr6Z41lwQzuHLwW0=
github.com/iancoleman/strcase v0.2.0/go.mod h1:iwCmte+B7n89clKwxIoIXy/HfoL7AsD47ZCWhYzw7ho=
github.com/mitchellh/go-wordwrap v1.0.1 h1:TLuKupo69TCn6TQSyGxwI1EblZZEsQ0vMlAFQflz0v0=
github.com/mitchellh/go-wordwrap v1.0.1/go.mod h1:R62XHJLzvMFRBbcrT7m7WgmE1eOyTSsCt+hzestvNj0=
github.com/mplewis/figyr v0.0.0-20221207034834-4962d785d90f h1:F0hU0n6WffpfRretGdsHvWF57qmBFjl/dHgoKOZEjKM=
github.com/mplewis/figyr v0.0.0-20221207034834-4962d785d90f/go.mod h1:1sforiNBsRxBTkW+jGUI3p6/0xAsT2QcSuowYPb64V8=
golang.org/x/exp v0.0.0-20230131013936-aae9b4e6329d h1:EdJVZdqCvJN8QvZSbrto8tf354qfT3cfBUPaxdWuOpQ=
golang.org/x/exp v0.0.0-20230131013936-aae9b4e6329d/go.mod h1:CxIveKay+FTh1D0yPZemJVgC/95VzuuOLq5Qi4xnoYc=
gopkg.in/check.v1 v0.0.0-20161208181325-20d25e280405/go.mod h1:Co6ibVJAznAaIkqp8huTwlJQCZ016jof/cbN4VW5Yz0=
gopkg.in/yaml.v3 v3.0.1 h1:fxVm/GzAzEWqLHuvctI91KS9hhNmmWOoWu0XTYJS7CA=
gopkg.in/yaml.v3 v3.0.1/go.mod h1:K4uyk7z7BCEPqu6E+C64Yfv1cQ7kz7rIZviUmN+EgEM=
